hash: 28c2b2dcc9c147088c6107eef90a8111f93b5de619f5cb85b294b840aaad2945
updated: 2016-03-10T18:45:23.304527688-05:00
imports:
- name: github.com/docker/docker
  version: 76d6bc9a9f1690e16f3721ba165364688b626de2
- name: k8s.io/kubernetes
  version: e4e6878293a339e4087dae684647c9e53f1cf9f0
devImports: []
